
Microsoft Visual Studio Solution File, Format Version 12.00
# Visual Studio Version 17
VisualStudioVersion = 17.11.35312.102
MinimumVisualStudioVersion = 10.0.40219.1
Project("{FAE04EC0-301F-11D3-BF4B-00C04F79EFBC}") = "ecs-fargate", "ecs-fargate.csproj", "{0A4B807A-48DE-4411-A294-CD321D2DDD94}"
EndProject
Global
	GlobalSection(SolutionConfigurationPlatforms) = preSolution
		Debug|Any CPU = Debug|Any CPU
		Release|Any CPU = Release|Any CPU
	EndGlobalSection
	GlobalSection(ProjectConfigurationPlatforms) = postSolution
		{0A4B807A-48DE-4411-A294-CD321D2DDD94}.Debug|Any CPU.ActiveCfg = Debug|Any CPU
		{0A4B807A-48DE-4411-A294-CD321D2DDD94}.Debug|Any CPU.Build.0 = Debug|Any CPU
		{0A4B807A-48DE-4411-A294-CD321D2DDD94}.Release|Any CPU.ActiveCfg = Release|Any CPU
		{0A4B807A-48DE-4411-A294-CD321D2DDD94}.Release|Any CPU.Build.0 = Release|Any CPU
	EndGlobalSection
	GlobalSection(SolutionProperties) = preSolution
		HideSolutionNode = FALSE
	EndGlobalSection
	GlobalSection(ExtensibilityGlobals) = postSolution
		SolutionGuid = {C2BDCBD1-4139-4D20-AE5F-1AED51A1CED9}
	EndGlobalSection
EndGlobal
